
Microsoft Visual Studio Solution File, Format Version 12.00
# Visual Studio Version 16
VisualStudioVersion = 16.0.28531.58
MinimumVisualStudioVersion = 10.0.40219.1
Project("{9A19103F-16F7-4668-BE54-9A1E7A4F7556}") = "WebClient", "CellServiceProvider\WebClient.csproj", "{8C8F42A6-ADEB-4335-92F5-F0F674DB8FA1}"
EndProject
Project("{2150E333-8FDC-42A3-9474-1A3956D46DE8}") = "Solution Items", "Solution Items", "{098144FB-C8D5-48B9-89EA-6775814B6E39}"
	ProjectSection(SolutionItems) = preProject
		README.md = README.md
	EndProjectSection
EndProject
Project("{FAE04EC0-301F-11D3-BF4B-00C04F79EFBC}") = "DbFramework", "DbFramework\DbFramework.csproj", "{149DFDC7-80B0-4507-AE44-2E12870EB5A3}"
EndProject
Project("{FAE04EC0-301F-11D3-BF4B-00C04F79EFBC}") = "DbFrameworkTest", "DbFrameworkTest\DbFrameworkTest.csproj", "{C231CECE-4434-4BD0-B585-52EAAE03E69A}"
EndProject
Project("{FAE04EC0-301F-11D3-BF4B-00C04F79EFBC}") = "WinClient", "WinClient\WinClient.csproj", "{7819F307-BF03-493B-9BF4-83125238B4B8}"
EndProject
Global
	GlobalSection(SolutionConfigurationPlatforms) = preSolution
		Debug|Any CPU = Debug|Any CPU
		Release|Any CPU = Release|Any CPU
	EndGlobalSection
	GlobalSection(ProjectConfigurationPlatforms) = postSolution
		{8C8F42A6-ADEB-4335-92F5-F0F674DB8FA1}.Debug|Any CPU.ActiveCfg = Debug|Any CPU
		{8C8F42A6-ADEB-4335-92F5-F0F674DB8FA1}.Debug|Any CPU.Build.0 = Debug|Any CPU
		{8C8F42A6-ADEB-4335-92F5-F0F674DB8FA1}.Release|Any CPU.ActiveCfg = Release|Any CPU
		{8C8F42A6-ADEB-4335-92F5-F0F674DB8FA1}.Release|Any CPU.Build.0 = Release|Any CPU
		{149DFDC7-80B0-4507-AE44-2E12870EB5A3}.Debug|Any CPU.ActiveCfg = Debug|Any CPU
		{149DFDC7-80B0-4507-AE44-2E12870EB5A3}.Debug|Any CPU.Build.0 = Debug|Any CPU
		{149DFDC7-80B0-4507-AE44-2E12870EB5A3}.Release|Any CPU.ActiveCfg = Release|Any CPU
		{149DFDC7-80B0-4507-AE44-2E12870EB5A3}.Release|Any CPU.Build.0 = Release|Any CPU
		{C231CECE-4434-4BD0-B585-52EAAE03E69A}.Debug|Any CPU.ActiveCfg = Debug|Any CPU
		{C231CECE-4434-4BD0-B585-52EAAE03E69A}.Debug|Any CPU.Build.0 = Debug|Any CPU
		{C231CECE-4434-4BD0-B585-52EAAE03E69A}.Release|Any CPU.ActiveCfg = Release|Any CPU
		{C231CECE-4434-4BD0-B585-52EAAE03E69A}.Release|Any CPU.Build.0 = Release|Any CPU
		{7819F307-BF03-493B-9BF4-83125238B4B8}.Debug|Any CPU.ActiveCfg = Debug|Any CPU
		{7819F307-BF03-493B-9BF4-83125238B4B8}.Debug|Any CPU.Build.0 = Debug|Any CPU
		{7819F307-BF03-493B-9BF4-83125238B4B8}.Release|Any CPU.ActiveCfg = Release|Any CPU
		{7819F307-BF03-493B-9BF4-83125238B4B8}.Release|Any CPU.Build.0 = Release|Any CPU
	EndGlobalSection
	GlobalSection(SolutionProperties) = preSolution
		HideSolutionNode = FALSE
	EndGlobalSection
	GlobalSection(ExtensibilityGlobals) = postSolution
		SolutionGuid = {30378DAE-2CAE-4253-BC8A-FCF5D0F07E66}
	EndGlobalSection
EndGlobal
